
Microsoft Visual Studio Solution File, Format Version 12.00
# Visual Studio Version 17
VisualStudioVersion = 17.10.35013.160
MinimumVisualStudioVersion = 10.0.40219.1
Project("{FAE04EC0-301F-11D3-BF4B-00C04F79EFBC}") = "Domain", "Domain\Domain.csproj", "{103CFA98-C791-402E-9436-B0024F1C53C2}"
EndProject
Project("{FAE04EC0-301F-11D3-BF4B-00C04F79EFBC}") = "Infrastructure", "Infrastructure\Infrastructure.csproj", "{7FC0886C-469C-431F-A2B4-C3F94AF836F0}"
EndProject
Project("{FAE04EC0-301F-11D3-BF4B-00C04F79EFBC}") = "Application", "Application\Application.csproj", "{FD6AC71C-4770-4BF1-AC86-4C525BBC8C26}"
EndProject
Project("{FAE04EC0-301F-11D3-BF4B-00C04F79EFBC}") = "Web.API", "Web.API\Web.API.csproj", "{C5A08045-FCA3-4A12-9D61-898644E81E5A}"
EndProject
Global
	GlobalSection(SolutionConfigurationPlatforms) = preSolution
		Debug|Any CPU = Debug|Any CPU
		Release|Any CPU = Release|Any CPU
	EndGlobalSection
	GlobalSection(ProjectConfigurationPlatforms) = postSolution
		{103CFA98-C791-402E-9436-B0024F1C53C2}.Debug|Any CPU.ActiveCfg = Debug|Any CPU
		{103CFA98-C791-402E-9436-B0024F1C53C2}.Debug|Any CPU.Build.0 = Debug|Any CPU
		{103CFA98-C791-402E-9436-B0024F1C53C2}.Release|Any CPU.ActiveCfg = Release|Any CPU
		{103CFA98-C791-402E-9436-B0024F1C53C2}.Release|Any CPU.Build.0 = Release|Any CPU
		{7FC0886C-469C-431F-A2B4-C3F94AF836F0}.Debug|Any CPU.ActiveCfg = Debug|Any CPU
		{7FC0886C-469C-431F-A2B4-C3F94AF836F0}.Debug|Any CPU.Build.0 = Debug|Any CPU
		{7FC0886C-469C-431F-A2B4-C3F94AF836F0}.Release|Any CPU.ActiveCfg = Release|Any CPU
		{7FC0886C-469C-431F-A2B4-C3F94AF836F0}.Release|Any CPU.Build.0 = Release|Any CPU
		{FD6AC71C-4770-4BF1-AC86-4C525BBC8C26}.Debug|Any CPU.ActiveCfg = Debug|Any CPU
		{FD6AC71C-4770-4BF1-AC86-4C525BBC8C26}.Debug|Any CPU.Build.0 = Debug|Any CPU
		{FD6AC71C-4770-4BF1-AC86-4C525BBC8C26}.Release|Any CPU.ActiveCfg = Release|Any CPU
		{FD6AC71C-4770-4BF1-AC86-4C525BBC8C26}.Release|Any CPU.Build.0 = Release|Any CPU
		{C5A08045-FCA3-4A12-9D61-898644E81E5A}.Debug|Any CPU.ActiveCfg = Debug|Any CPU
		{C5A08045-FCA3-4A12-9D61-898644E81E5A}.Debug|Any CPU.Build.0 = Debug|Any CPU
		{C5A08045-FCA3-4A12-9D61-898644E81E5A}.Release|Any CPU.ActiveCfg = Release|Any CPU
		{C5A08045-FCA3-4A12-9D61-898644E81E5A}.Release|Any CPU.Build.0 = Release|Any CPU
	EndGlobalSection
	GlobalSection(SolutionProperties) = preSolution
		HideSolutionNode = FALSE
	EndGlobalSection
	GlobalSection(ExtensibilityGlobals) = postSolution
		SolutionGuid = {80865060-66A5-4431-8534-1847556C5C70}
	EndGlobalSection
EndGlobal
